// !$*UTF8*$!
{
	archiveVersion = 1;
	classes = {
	};
	objectVersion = 50;
	objects = {

/* Begin PBXBuildFile section */
		EE28F88F267B31AD00E79848 /* MemorizeApp.swift in Sources */ = {isa = PBXBuildFile; fileRef = EE28F88E267B31AD00E79848 /* MemorizeApp.swift */; };
		EE28F891267B31AD00E79848 /* EmojiMemoryGameView.swift in Sources */ = {isa = PBXBuildFile; fileRef = EE28F890267B31AD00E79848 /* EmojiMemoryGameView.swift */; };
		EE28F893267B31AF00E79848 /* Assets.xcassets in Resources */ = {isa = PBXBuildFile; fileRef = EE28F892267B31AF00E79848 /* Assets.xcassets */; };
		EE28F896267B31AF00E79848 /* Preview Assets.xcassets in Resources */ = {isa = PBXBuildFile; fileRef = EE28F895267B31AF00E79848 /* Preview Assets.xcassets */; };
		EE28F89E267B794F00E79848 /* CardView.swift in Sources */ = {isa = PBXBuildFile; fileRef = EE28F89D267B794F00E79848 /* CardView.swift */; };
		EE429E6E27E9B272001398D9 /* ThemeChooser.swift in Sources */ = {isa = PBXBuildFile; fileRef = EE429E6D27E9B272001398D9 /* ThemeChooser.swift */; };
		EE429E7027E9B542001398D9 /* ThemeStore.swift in Sources */ = {isa = PBXBuildFile; fileRef = EE429E6F27E9B542001398D9 /* ThemeStore.swift */; };
		EE85831628100D2D001812FF /* InfoPlist.strings in Resources */ = {isa = PBXBuildFile; fileRef = EE85831428100D2D001812FF /* InfoPlist.strings */; };
		EE85831928100D63001812FF /* Localizable.strings in Resources */ = {isa = PBXBuildFile; fileRef = EE85831728100D63001812FF /* Localizable.strings */; };
		EE8583202814F4DF001812FF /* CompatibleViewModifier.swift in Sources */ = {isa = PBXBuildFile; fileRef = EE85831F2814F4DF001812FF /* CompatibleViewModifier.swift */; };
		EE927D2E27EDB4940058D01D /* ThemeEditor.swift in Sources */ = {isa = PBXBuildFile; fileRef = EE927D2D27EDB4940058D01D /* ThemeEditor.swift */; };
		EE927D3427EDBD4A0058D01D /* UtilityExtensions.swift in Sources */ = {isa = PBXBuildFile; fileRef = EE927D3327EDBD4A0058D01D /* UtilityExtensions.swift */; };
		EEB25F4A27BA6550004A7639 /* Cardify.swift in Sources */ = {isa = PBXBuildFile; fileRef = EEB25F4927BA6550004A7639 /* Cardify.swift */; };
		EEB25F4C27C268F3004A7639 /* FlipView.swift in Sources */ = {isa = PBXBuildFile; fileRef = EEB25F4B27C268F3004A7639 /* FlipView.swift */; };
		EECE53B32807D659005D692B /* SwiftUIAnimationObserver.swift in Sources */ = {isa = PBXBuildFile; fileRef = EECE53B22807D659005D692B /* SwiftUIAnimationObserver.swift */; };
		EEDD6EB2278D08080057C4F4 /* AspectVGrid.swift in Sources */ = {isa = PBXBuildFile; fileRef = EEDD6EB1278D08080057C4F4 /* AspectVGrid.swift */; };
		EEDD6EB6279A200B0057C4F4 /* Pie.swift in Sources */ = {isa = PBXBuildFile; fileRef = EEDD6EB5279A200B0057C4F4 /* Pie.swift */; };
		EEE99268270941840062156A /* MemoryGame.swift in Sources */ = {isa = PBXBuildFile; fileRef = EEE99267270941840062156A /* MemoryGame.swift */; };
		EEE9926A270945260062156A /* EmojiMemoryGame.swift in Sources */ = {isa = PBXBuildFile; fileRef = EEE99269270945260062156A /* EmojiMemoryGame.swift */; };
/* End PBXBuildFile section */

/* Begin PBXFileReference section */
		EE28F88B267B31AD00E79848 /* Memorize.app */ = {isa = PBXFileReference; explicitFileType = wrapper.application; includeInIndex = 0; path = Memorize.app; sourceTree = BUILT_PRODUCTS_DIR; };
		EE28F88E267B31AD00E79848 /* MemorizeApp.swift */ = {isa = PBXFileReference; lastKnownFileType = sourcecode.swift; path = MemorizeApp.swift; sourceTree = "<group>"; };
		EE28F890267B31AD00E79848 /* EmojiMemoryGameView.swift */ = {isa = PBXFileReference; lastKnownFileType = sourcecode.swift; path = EmojiMemoryGameView.swift; sourceTree = "<group>"; };
		EE28F892267B31AF00E79848 /* Assets.xcassets */ = {isa = PBXFileReference; lastKnownFileType = folder.assetcatalog; path = Assets.xcassets; sourceTree = "<group>"; };
		EE28F895267B31AF00E79848 /* Preview Assets.xcassets */ = {isa = PBXFileReference; lastKnownFileType = folder.assetcatalog; path = "Preview Assets.xcassets"; sourceTree = "<group>"; };
		EE28F89D267B794F00E79848 /* CardView.swift */ = {isa = PBXFileReference; lastKnownFileType = sourcecode.swift; path = CardView.swift; sourceTree = "<group>"; };
		EE429E6D27E9B272001398D9 /* ThemeChooser.swift */ = {isa = PBXFileReference; lastKnownFileType = sourcecode.swift; path = ThemeChooser.swift; sourceTree = "<group>"; };
		EE429E6F27E9B542001398D9 /* ThemeStore.swift */ = {isa = PBXFileReference; lastKnownFileType = sourcecode.swift; path = ThemeStore.swift; sourceTree = "<group>"; };
		EE85831528100D2D001812FF /* en */ = {isa = PBXFileReference; lastKnownFileType = text.plist.strings; name = en; path = en.lproj/InfoPlist.strings; sourceTree = "<group>"; };
		EE85831828100D63001812FF /* zh-Hans */ = {isa = PBXFileReference; lastKnownFileType = text.plist.strings; name = "zh-Hans"; path = "zh-Hans.lproj/Localizable.strings"; sourceTree = "<group>"; };
		EE85831A28100EF4001812FF /* zh-Hans */ = {isa = PBXFileReference; lastKnownFileType = text.plist.strings; name = "zh-Hans"; path = "zh-Hans.lproj/InfoPlist.strings"; sourceTree = "<group>"; };
		EE85831F2814F4DF001812FF /* CompatibleViewModifier.swift */ = {isa = PBXFileReference; lastKnownFileType = sourcecode.swift; path = CompatibleViewModifier.swift; sourceTree = "<group>"; };
		EE927D2D27EDB4940058D01D /* ThemeEditor.swift */ = {isa = PBXFileReference; lastKnownFileType = sourcecode.swift; path = ThemeEditor.swift; sourceTree = "<group>"; };
		EE927D3327EDBD4A0058D01D /* UtilityExtensions.swift */ = {isa = PBXFileReference; lastKnownFileType = sourcecode.swift; path = UtilityExtensions.swift; sourceTree = "<group>"; };
		EEB25F4927BA6550004A7639 /* Cardify.swift */ = {isa = PBXFileReference; lastKnownFileType = sourcecode.swift; path = Cardify.swift; sourceTree = "<group>"; };
		EEB25F4B27C268F3004A7639 /* FlipView.swift */ = {isa = PBXFileReference; lastKnownFileType = sourcecode.swift; path = FlipView.swift; sourceTree = "<group>"; };
		EECE53B22807D659005D692B /* SwiftUIAnimationObserver.swift */ = {isa = PBXFileReference; lastKnownFileType = sourcecode.swift; path = SwiftUIAnimationObserver.swift; sourceTree = "<group>"; };
		EEDD6EB1278D08080057C4F4 /* AspectVGrid.swift */ = {isa = PBXFileReference; lastKnownFileType = sourcecode.swift; path = AspectVGrid.swift; sourceTree = "<group>"; };
		EEDD6EB5279A200B0057C4F4 /* Pie.swift */ = {isa = PBXFileReference; lastKnownFileType = sourcecode.swift; path = Pie.swift; sourceTree = "<group>"; };
		EEE99267270941840062156A /* MemoryGame.swift */ = {isa = PBXFileReference; lastKnownFileType = sourcecode.swift; path = MemoryGame.swift; sourceTree = "<group>"; };
		EEE99269270945260062156A /* EmojiMemoryGame.swift */ = {isa = PBXFileReference; lastKnownFileType = sourcecode.swift; path = EmojiMemoryGame.swift; sourceTree = "<group>"; };
/* End PBXFileReference section */

/* Begin PBXFrameworksBuildPhase section */
		EE28F888267B31AD00E79848 /* Frameworks */ = {
			isa = PBXFrameworksBuildPhase;
			buildActionMask = 2147483647;
			files = (
			);
			runOnlyForDeploymentPostprocessing = 0;
		};
/* End PBXFrameworksBuildPhase section */

/* Begin PBXGroup section */
		EE28F882267B31AC00E79848 = {
			isa = PBXGroup;
			children = (
				EE927D3227EDBD2D0058D01D /* Utility */,
				EE28F88D267B31AD00E79848 /* Memorize */,
				EE28F88C267B31AD00E79848 /* Products */,
			);
			sourceTree = "<group>";
		};
		EE28F88C267B31AD00E79848 /* Products */ = {
			isa = PBXGroup;
			children = (
				EE28F88B267B31AD00E79848 /* Memorize.app */,
			);
			name = Products;
			sourceTree = "<group>";
		};
		EE28F88D267B31AD00E79848 /* Memorize */ = {
			isa = PBXGroup;
			children = (
				EEB25F4927BA6550004A7639 /* Cardify.swift */,
				EEB25F4B27C268F3004A7639 /* FlipView.swift */,
				EE28F88E267B31AD00E79848 /* MemorizeApp.swift */,
				EE28F890267B31AD00E79848 /* EmojiMemoryGameView.swift */,
				EEDD6EB5279A200B0057C4F4 /* Pie.swift */,
				EEDD6EB1278D08080057C4F4 /* AspectVGrid.swift */,
				EE28F89D267B794F00E79848 /* CardView.swift */,
				EEE99267270941840062156A /* MemoryGame.swift */,
				EEE99269270945260062156A /* EmojiMemoryGame.swift */,
				EE429E6D27E9B272001398D9 /* ThemeChooser.swift */,
				EE927D2D27EDB4940058D01D /* ThemeEditor.swift */,
				EE429E6F27E9B542001398D9 /* ThemeStore.swift */,
				EE28F892267B31AF00E79848 /* Assets.xcassets */,
				EE85831728100D63001812FF /* Localizable.strings */,
				EE85831428100D2D001812FF /* InfoPlist.strings */,
				EE28F894267B31AF00E79848 /* Preview Content */,
			);
			path = Memorize;
			sourceTree = "<group>";
		};
		EE28F894267B31AF00E79848 /* Preview Content */ = {
			isa = PBXGroup;
			children = (
				EE28F895267B31AF00E79848 /* Preview Assets.xcassets */,
			);
			path = "Preview Content";
			sourceTree = "<group>";
		};
		EE927D3227EDBD2D0058D01D /* Utility */ = {
			isa = PBXGroup;
			children = (
				EE927D3327EDBD4A0058D01D /* UtilityExtensions.swift */,
				EECE53B22807D659005D692B /* SwiftUIAnimationObserver.swift */,
				EE85831F2814F4DF001812FF /* CompatibleViewModifier.swift */,
			);
			path = Utility;
			sourceTree = "<group>";
		};
/* End PBXGroup section */

/* Begin PBXNativeTarget section */
		EE28F88A267B31AD00E79848 /* Memorize */ = {
			isa = PBXNativeTarget;
			buildConfigurationList = EE28F89A267B31AF00E79848 /* Build configuration list for PBXNativeTarget "Memorize" */;
			buildPhases = (
				EE28F887267B31AD00E79848 /* Sources */,
				EE28F888267B31AD00E79848 /* Frameworks */,
				EE28F889267B31AD00E79848 /* Resources */,
			);
			buildRules = (
			);
			dependencies = (
			);
			name = Memorize;
			productName = Memorize;
			productReference = EE28F88B267B31AD00E79848 /* Memorize.app */;
			productType = "com.apple.product-type.application";
		};
/* End PBXNativeTarget section */

/* Begin PBXProject section */
		EE28F883267B31AC00E79848 /* Project object */ = {
			isa = PBXProject;
			attributes = {
				LastSwiftUpdateCheck = 1250;
				LastUpgradeCheck = 1250;
				TargetAttributes = {
					EE28F88A267B31AD00E79848 = {
						CreatedOnToolsVersion = 12.5;
					};
				};
			};
			buildConfigurationList = EE28F886267B31AC00E79848 /* Build configuration list for PBXProject "Memorize" */;
			compatibilityVersion = "Xcode 9.3";
			developmentRegion = en;
			hasScannedForEncodings = 0;
			knownRegions = (
				en,
				Base,
				"zh-Hans",
			);
			mainGroup = EE28F882267B31AC00E79848;
			productRefGroup = EE28F88C267B31AD00E79848 /* Products */;
			projectDirPath = "";
			projectRoot = "";
			targets = (
				EE28F88A267B31AD00E79848 /* Memorize */,
			);
		};
/* End PBXProject section */

/* Begin PBXResourcesBuildPhase section */
		EE28F889267B31AD00E79848 /* Resources */ = {
			isa = PBXResourcesBuildPhase;
			buildActionMask = 2147483647;
			files = (
				EE28F896267B31AF00E79848 /* Preview Assets.xcassets in Resources */,
				EE85831928100D63001812FF /* Localizable.strings in Resources */,
				EE85831628100D2D001812FF /* InfoPlist.strings in Resources */,
				EE28F893267B31AF00E79848 /* Assets.xcassets in Resources */,
			);
			runOnlyForDeploymentPostprocessing = 0;
		};
/* End PBXResourcesBuildPhase section */

/* Begin PBXSourcesBuildPhase section */
		EE28F887267B31AD00E79848 /* Sources */ = {
			isa = PBXSourcesBuildPhase;
			buildActionMask = 2147483647;
			files = (
				EE8583202814F4DF001812FF /* CompatibleViewModifier.swift in Sources */,
				EE28F891267B31AD00E79848 /* EmojiMemoryGameView.swift in Sources */,
				EE429E6E27E9B272001398D9 /* ThemeChooser.swift in Sources */,
				EE927D3427EDBD4A0058D01D /* UtilityExtensions.swift in Sources */,
				EEE9926A270945260062156A /* EmojiMemoryGame.swift in Sources */,
				EEDD6EB6279A200B0057C4F4 /* Pie.swift in Sources */,
				EEB25F4A27BA6550004A7639 /* Cardify.swift in Sources */,
				EEDD6EB2278D08080057C4F4 /* AspectVGrid.swift in Sources */,
				EEB25F4C27C268F3004A7639 /* FlipView.swift in Sources */,
				EECE53B32807D659005D692B /* SwiftUIAnimationObserver.swift in Sources */,
				EE429E7027E9B542001398D9 /* ThemeStore.swift in Sources */,
				EE28F89E267B794F00E79848 /* CardView.swift in Sources */,
				EE28F88F267B31AD00E79848 /* MemorizeApp.swift in Sources */,
				EE927D2E27EDB4940058D01D /* ThemeEditor.swift in Sources */,
				EEE99268270941840062156A /* MemoryGame.swift in Sources */,
			);
			runOnlyForDeploymentPostprocessing = 0;
		};
/* End PBXSourcesBuildPhase section */

/* Begin PBXVariantGroup section */
		EE85831428100D2D001812FF /* InfoPlist.strings */ = {
			isa = PBXVariantGroup;
			children = (
				EE85831528100D2D001812FF /* en */,
				EE85831A28100EF4001812FF /* zh-Hans */,
			);
			name = InfoPlist.strings;
			sourceTree = "<group>";
		};
		EE85831728100D63001812FF /* Localizable.strings */ = {
			isa = PBXVariantGroup;
			children = (
				EE85831828100D63001812FF /* zh-Hans */,
			);
			name = Localizable.strings;
			sourceTree = "<group>";
		};
/* End PBXVariantGroup section */

/* Begin XCBuildConfiguration section */
		EE28F898267B31AF00E79848 /* Debug */ = {
			isa = XCBuildConfiguration;
			buildSettings = {
				ALWAYS_SEARCH_USER_PATHS = NO;
				CLANG_ANALYZER_NONNULL = YES;
				CLANG_ANALYZER_NUMBER_OBJECT_CONVERSION = YES_AGGRESSIVE;
				CLANG_CXX_LANGUAGE_STANDARD = "gnu++14";
				CLANG_CXX_LIBRARY = "libc++";
				CLANG_ENABLE_MODULES = YES;
				CLANG_ENABLE_OBJC_ARC = YES;
				CLANG_ENABLE_OBJC_WEAK = YES;
				CLANG_WARN_BLOCK_CAPTURE_AUTORELEASING = YES;
				CLANG_WARN_BOOL_CONVERSION = YES;
				CLANG_WARN_COMMA = YES;
				CLANG_WARN_CONSTANT_CONVERSION = YES;
				CLANG_WARN_DEPRECATED_OBJC_IMPLEMENTATIONS = YES;
				CLANG_WARN_DIRECT_OBJC_ISA_USAGE = YES_ERROR;
				CLANG_WARN_DOCUMENTATION_COMMENTS = YES;
				CLANG_WARN_EMPTY_BODY = YES;
				CLANG_WARN_ENUM_CONVERSION = YES;
				CLANG_WARN_INFINITE_RECURSION = YES;
				CLANG_WARN_INT_CONVERSION = YES;
				CLANG_WARN_NON_LITERAL_NULL_CONVERSION = YES;
				CLANG_WARN_OBJC_IMPLICIT_RETAIN_SELF = YES;
				CLANG_WARN_OBJC_LITERAL_CONVERSION = YES;
				CLANG_WARN_OBJC_ROOT_CLASS = YES_ERROR;
				CLANG_WARN_QUOTED_INCLUDE_IN_FRAMEWORK_HEADER = YES;
				CLANG_WARN_RANGE_LOOP_ANALYSIS = YES;
				CLANG_WARN_STRICT_PROTOTYPES = YES;
				CLANG_WARN_SUSPICIOUS_MOVE = YES;
				CLANG_WARN_UNGUARDED_AVAILABILITY = YES_AGGRESSIVE;
				CLANG_WARN_UNREACHABLE_CODE = YES;
				CLANG_WARN__DUPLICATE_METHOD_MATCH = YES;
				COPY_PHASE_STRIP = NO;
				DEBUG_INFORMATION_FORMAT = dwarf;
				ENABLE_STRICT_OBJC_MSGSEND = YES;
				ENABLE_TESTABILITY = YES;
				GCC_C_LANGUAGE_STANDARD = gnu11;
				GCC_DYNAMIC_NO_PIC = NO;
				GCC_NO_COMMON_BLOCKS = YES;
				GCC_OPTIMIZATION_LEVEL = 0;
				GCC_PREPROCESSOR_DEFINITIONS = (
					"DEBUG=1",
					"$(inherited)",
				);
				GCC_WARN_64_TO_32_BIT_CONVERSION = YES;
				GCC_WARN_ABOUT_RETURN_TYPE = YES_ERROR;
				GCC_WARN_UNDECLARED_SELECTOR = YES;
				GCC_WARN_UNINITIALIZED_AUTOS = YES_AGGRESSIVE;
				GCC_WARN_UNUSED_FUNCTION = YES;
				GCC_WARN_UNUSED_VARIABLE = YES;
				IPHONEOS_DEPLOYMENT_TARGET = 14.0;
				MTL_ENABLE_DEBUG_INFO = INCLUDE_SOURCE;
				MTL_FAST_MATH = YES;
				ONLY_ACTIVE_ARCH = YES;
				SDKROOT = iphoneos;
				SWIFT_ACTIVE_COMPILATION_CONDITIONS = DEBUG;
				SWIFT_EMIT_LOC_STRINGS = YES;
				SWIFT_OPTIMIZATION_LEVEL = "-Onone";
			};
			name = Debug;
		};
		EE28F899267B31AF00E79848 /* Release */ = {
			isa = XCBuildConfiguration;
			buildSettings = {
				ALWAYS_SEARCH_USER_PATHS = NO;
				CLANG_ANALYZER_NONNULL = YES;
				CLANG_ANALYZER_NUMBER_OBJECT_CONVERSION = YES_AGGRESSIVE;
				CLANG_CXX_LANGUAGE_STANDARD = "gnu++14";
				CLANG_CXX_LIBRARY = "libc++";
				CLANG_ENABLE_MODULES = YES;
				CLANG_ENABLE_OBJC_ARC = YES;
				CLANG_ENABLE_OBJC_WEAK = YES;
				CLANG_WARN_BLOCK_CAPTURE_AUTORELEASING = YES;
				CLANG_WARN_BOOL_CONVERSION = YES;
				CLANG_WARN_COMMA = YES;
				CLANG_WARN_CONSTANT_CONVERSION = YES;
				CLANG_WARN_DEPRECATED_OBJC_IMPLEMENTATIONS = YES;
				CLANG_WARN_DIRECT_OBJC_ISA_USAGE = YES_ERROR;
				CLANG_WARN_DOCUMENTATION_COMMENTS = YES;
				CLANG_WARN_EMPTY_BODY = YES;
				CLANG_WARN_ENUM_CONVERSION = YES;
				CLANG_WARN_INFINITE_RECURSION = YES;
				CLANG_WARN_INT_CONVERSION = YES;
				CLANG_WARN_NON_LITERAL_NULL_CONVERSION = YES;
				CLANG_WARN_OBJC_IMPLICIT_RETAIN_SELF = YES;
				CLANG_WARN_OBJC_LITERAL_CONVERSION = YES;
				CLANG_WARN_OBJC_ROOT_CLASS = YES_ERROR;
				CLANG_WARN_QUOTED_INCLUDE_IN_FRAMEWORK_HEADER = YES;
				CLANG_WARN_RANGE_LOOP_ANALYSIS = YES;
				CLANG_WARN_STRICT_PROTOTYPES = YES;
				CLANG_WARN_SUSPICIOUS_MOVE = YES;
				CLANG_WARN_UNGUARDED_AVAILABILITY = YES_AGGRESSIVE;
				CLANG_WARN_UNREACHABLE_CODE = YES;
				CLANG_WARN__DUPLICATE_METHOD_MATCH = YES;
				COPY_PHASE_STRIP = NO;
				DEBUG_INFORMATION_FORMAT = "dwarf-with-dsym";
				ENABLE_NS_ASSERTIONS = NO;
				ENABLE_STRICT_OBJC_MSGSEND = YES;
				GCC_C_LANGUAGE_STANDARD = gnu11;
				GCC_NO_COMMON_BLOCKS = YES;
				GCC_WARN_64_TO_32_BIT_CONVERSION = YES;
				GCC_WARN_ABOUT_RETURN_TYPE = YES_ERROR;
				GCC_WARN_UNDECLARED_SELECTOR = YES;
				GCC_WARN_UNINITIALIZED_AUTOS = YES_AGGRESSIVE;
				GCC_WARN_UNUSED_FUNCTION = YES;
				GCC_WARN_UNUSED_VARIABLE = YES;
				IPHONEOS_DEPLOYMENT_TARGET = 14.0;
				MTL_ENABLE_DEBUG_INFO = NO;
				MTL_FAST_MATH = YES;
				SDKROOT = iphoneos;
				SWIFT_COMPILATION_MODE = wholemodule;
				SWIFT_EMIT_LOC_STRINGS = YES;
				SWIFT_OPTIMIZATION_LEVEL = "-O";
				VALIDATE_PRODUCT = YES;
			};
			name = Release;
		};
		EE28F89B267B31AF00E79848 /* Debug */ = {
			isa = XCBuildConfiguration;
			buildSettings = {
				ASSETCATALOG_COMPILER_APPICON_NAME = AppIcon;
				ASSETCATALOG_COMPILER_GLOBAL_ACCENT_COLOR_NAME = AccentColor;
				CODE_SIGN_IDENTITY = "iPhone Distribution";
				CODE_SIGN_STYLE = Manual;
				DEVELOPMENT_ASSET_PATHS = "\"Memorize/Preview Content\"";
				DEVELOPMENT_TEAM = A8UB7LJGV7;
				ENABLE_PREVIEWS = YES;
				INFOPLIST_FILE = Memorize/Info.plist;
				IPHONEOS_DEPLOYMENT_TARGET = 14.0;
				LD_RUNPATH_SEARCH_PATHS = (
					"$(inherited)",
					"@executable_path/Frameworks",
				);
				PRODUCT_BUNDLE_IDENTIFIER = com.liaohongxing.Memorize;
				PRODUCT_NAME = "$(TARGET_NAME)";
				PROVISIONING_PROFILE_SPECIFIER = "Emoji Memorize Game";
				SWIFT_VERSION = 5.0;
				TARGETED_DEVICE_FAMILY = "1,2";
			};
			name = Debug;
		};
		EE28F89C267B31AF00E79848 /* Release */ = {
			isa = XCBuildConfiguration;
			buildSettings = {
				ASSETCATALOG_COMPILER_APPICON_NAME = AppIcon;
				ASSETCATALOG_COMPILER_GLOBAL_ACCENT_COLOR_NAME = AccentColor;
				CODE_SIGN_IDENTITY = "iPhone Distribution";
				CODE_SIGN_STYLE = Manual;
				DEVELOPMENT_ASSET_PATHS = "\"Memorize/Preview Content\"";
				DEVELOPMENT_TEAM = A8UB7LJGV7;
				ENABLE_PREVIEWS = YES;
				INFOPLIST_FILE = Memorize/Info.plist;
				IPHONEOS_DEPLOYMENT_TARGET = 14.0;
				LD_RUNPATH_SEARCH_PATHS = (
					"$(inherited)",
					"@executable_path/Frameworks",
				);
				PRODUCT_BUNDLE_IDENTIFIER = com.liaohongxing.Memorize;
				PRODUCT_NAME = "$(TARGET_NAME)";
				PROVISIONING_PROFILE_SPECIFIER = "Emoji Memorize Game";
				SWIFT_VERSION = 5.0;
				TARGETED_DEVICE_FAMILY = "1,2";
			};
			name = Release;
		};
/* End XCBuildConfiguration section */

/* Begin XCConfigurationList section */
		EE28F886267B31AC00E79848 /* Build configuration list for PBXProject "Memorize" */ = {
			isa = XCConfigurationList;
			buildConfigurations = (
				EE28F898267B31AF00E79848 /* Debug */,
				EE28F899267B31AF00E79848 /* Release */,
			);
			defaultConfigurationIsVisible = 0;
			defaultConfigurationName = Release;
		};
		EE28F89A267B31AF00E79848 /* Build configuration list for PBXNativeTarget "Memorize" */ = {
			isa = XCConfigurationList;
			buildConfigurations = (
				EE28F89B267B31AF00E79848 /* Debug */,
				EE28F89C267B31AF00E79848 /* Release */,
			);
			defaultConfigurationIsVisible = 0;
			defaultConfigurationName = Release;
		};
/* End XCConfigurationList section */
	};
	rootObject = EE28F883267B31AC00E79848 /* Project object */;
}
